// !$*UTF8*$!
{
	archiveVersion = 1;
	classes = {
	};
	objectVersion = 50;
	objects = {

/* Begin PBXBuildFile section */
		03BEDC7424215FD000DED3D9 /* AppDelegate.swift in Sources */ = {isa = PBXBuildFile; fileRef = 03BEDC7324215FD000DED3D9 /* AppDelegate.swift */; };
		03BEDC7624215FD000DED3D9 /* SceneDelegate.swift in Sources */ = {isa = PBXBuildFile; fileRef = 03BEDC7524215FD000DED3D9 /* SceneDelegate.swift */; };
		03BEDC7824215FD000DED3D9 /* ViewController.swift in Sources */ = {isa = PBXBuildFile; fileRef = 03BEDC7724215FD000DED3D9 /* ViewController.swift */; };
		03BEDC7B24215FD000DED3D9 /* Main.storyboard in Resources */ = {isa = PBXBuildFile; fileRef = 03BEDC7924215FD000DED3D9 /* Main.storyboard */; };
		03BEDC7D24215FD200DED3D9 /* Assets.xcassets in Resources */ = {isa = PBXBuildFile; fileRef = 03BEDC7C24215FD200DED3D9 /* Assets.xcassets */; };
		03BEDC8024215FD200DED3D9 /* LaunchScreen.storyboard in Resources */ = {isa = PBXBuildFile; fileRef = 03BEDC7E24215FD200DED3D9 /* LaunchScreen.storyboard */; };
		03BEDC8D242160C800DED3D9 /* Recipe.swift in Sources */ = {isa = PBXBuildFile; fileRef = 03BEDC8C242160C800DED3D9 /* Recipe.swift */; };
/* End PBXBuildFile section */

/* Begin PBXFileReference section */
		03BEDC7024215FD000DED3D9 /* Delish.app */ = {isa = PBXFileReference; explicitFileType = wrapper.application; includeInIndex = 0; path = Delish.app; sourceTree = BUILT_PRODUCTS_DIR; };
		03BEDC7324215FD000DED3D9 /* AppDelegate.swift */ = {isa = PBXFileReference; lastKnownFileType = sourcecode.swift; path = AppDelegate.swift; sourceTree = "<group>"; };
		03BEDC7524215FD000DED3D9 /* SceneDelegate.swift */ = {isa = PBXFileReference; lastKnownFileType = sourcecode.swift; path = SceneDelegate.swift; sourceTree = "<group>"; };
		03BEDC7724215FD000DED3D9 /* ViewController.swift */ = {isa = PBXFileReference; lastKnownFileType = sourcecode.swift; path = ViewController.swift; sourceTree = "<group>"; };
		03BEDC7A24215FD000DED3D9 /* Base */ = {isa = PBXFileReference; lastKnownFileType = file.storyboard; name = Base; path = Base.lproj/Main.storyboard; sourceTree = "<group>"; };
		03BEDC7C24215FD200DED3D9 /* Assets.xcassets */ = {isa = PBXFileReference; lastKnownFileType = folder.assetcatalog; path = Assets.xcassets; sourceTree = "<group>"; };
		03BEDC7F24215FD200DED3D9 /* Base */ = {isa = PBXFileReference; lastKnownFileType = file.storyboard; name = Base; path = Base.lproj/LaunchScreen.storyboard; sourceTree = "<group>"; };
		03BEDC8124215FD200DED3D9 /* Info.plist */ = {isa = PBXFileReference; lastKnownFileType = text.plist.xml; path = Info.plist; sourceTree = "<group>"; };
		03BEDC8C242160C800DED3D9 /* Recipe.swift */ = {isa = PBXFileReference; lastKnownFileType = sourcecode.swift; path = Recipe.swift; sourceTree = "<group>"; };
/* End PBXFileReference section */

/* Begin PBXFrameworksBuildPhase section */
		03BEDC6D24215FD000DED3D9 /* Frameworks */ = {
			isa = PBXFrameworksBuildPhase;
			buildActionMask = 2147483647;
			files = (
			);
			runOnlyForDeploymentPostprocessing = 0;
		};
/* End PBXFrameworksBuildPhase section */

/* Begin PBXGroup section */
		03BEDC6724215FD000DED3D9 = {
			isa = PBXGroup;
			children = (
				03BEDC7224215FD000DED3D9 /* Delish */,
				03BEDC7124215FD000DED3D9 /* Products */,
			);
			sourceTree = "<group>";
		};
		03BEDC7124215FD000DED3D9 /* Products */ = {
			isa = PBXGroup;
			children = (
				03BEDC7024215FD000DED3D9 /* Delish.app */,
			);
			name = Products;
			sourceTree = "<group>";
		};
		03BEDC7224215FD000DED3D9 /* Delish */ = {
			isa = PBXGroup;
			children = (
				03BEDC8A2421602800DED3D9 /* Model */,
				03BEDC892421601F00DED3D9 /* View */,
				03BEDC882421601400DED3D9 /* Controller */,
				03BEDC8B2421604B00DED3D9 /* Supporting files */,
			);
			path = Delish;
			sourceTree = "<group>";
		};
		03BEDC882421601400DED3D9 /* Controller */ = {
			isa = PBXGroup;
			children = (
				03BEDC7724215FD000DED3D9 /* ViewController.swift */,
			);
			path = Controller;
			sourceTree = "<group>";
		};
		03BEDC892421601F00DED3D9 /* View */ = {
			isa = PBXGroup;
			children = (
				03BEDC7924215FD000DED3D9 /* Main.storyboard */,
			);
			path = View;
			sourceTree = "<group>";
		};
		03BEDC8A2421602800DED3D9 /* Model */ = {
			isa = PBXGroup;
			children = (
				03BEDC8C242160C800DED3D9 /* Recipe.swift */,
			);
			path = Model;
			sourceTree = "<group>";
		};
		03BEDC8B2421604B00DED3D9 /* Supporting files */ = {
			isa = PBXGroup;
			children = (
				03BEDC7324215FD000DED3D9 /* AppDelegate.swift */,
				03BEDC7524215FD000DED3D9 /* SceneDelegate.swift */,
				03BEDC7C24215FD200DED3D9 /* Assets.xcassets */,
				03BEDC7E24215FD200DED3D9 /* LaunchScreen.storyboard */,
				03BEDC8124215FD200DED3D9 /* Info.plist */,
			);
			name = "Supporting files";
			sourceTree = "<group>";
		};
/* End PBXGroup section */

/* Begin PBXNativeTarget section */
		03BEDC6F24215FD000DED3D9 /* Delish */ = {
			isa = PBXNativeTarget;
			buildConfigurationList = 03BEDC8424215FD200DED3D9 /* Build configuration list for PBXNativeTarget "Delish" */;
			buildPhases = (
				03BEDC6C24215FD000DED3D9 /* Sources */,
				03BEDC6D24215FD000DED3D9 /* Frameworks */,
				03BEDC6E24215FD000DED3D9 /* Resources */,
			);
			buildRules = (
			);
			dependencies = (
			);
			name = Delish;
			productName = Delish;
			productReference = 03BEDC7024215FD000DED3D9 /* Delish.app */;
			productType = "com.apple.product-type.application";
		};
/* End PBXNativeTarget section */

/* Begin PBXProject section */
		03BEDC6824215FD000DED3D9 /* Project object */ = {
			isa = PBXProject;
			attributes = {
				LastSwiftUpdateCheck = 1130;
				LastUpgradeCheck = 1130;
				ORGANIZATIONNAME = "Sara Babaei";
				TargetAttributes = {
					03BEDC6F24215FD000DED3D9 = {
						CreatedOnToolsVersion = 11.3.1;
					};
				};
			};
			buildConfigurationList = 03BEDC6B24215FD000DED3D9 /* Build configuration list for PBXProject "Delish" */;
			compatibilityVersion = "Xcode 9.3";
			developmentRegion = en;
			hasScannedForEncodings = 0;
			knownRegions = (
				en,
				Base,
			);
			mainGroup = 03BEDC6724215FD000DED3D9;
			productRefGroup = 03BEDC7124215FD000DED3D9 /* Products */;
			projectDirPath = "";
			projectRoot = "";
			targets = (
				03BEDC6F24215FD000DED3D9 /* Delish */,
			);
		};
/* End PBXProject section */

/* Begin PBXResourcesBuildPhase section */
		03BEDC6E24215FD000DED3D9 /* Resources */ = {
			isa = PBXResourcesBuildPhase;
			buildActionMask = 2147483647;
			files = (
				03BEDC8024215FD200DED3D9 /* LaunchScreen.storyboard in Resources */,
				03BEDC7D24215FD200DED3D9 /* Assets.xcassets in Resources */,
				03BEDC7B24215FD000DED3D9 /* Main.storyboard in Resources */,
			);
			runOnlyForDeploymentPostprocessing = 0;
		};
/* End PBXResourcesBuildPhase section */

/* Begin PBXSourcesBuildPhase section */
		03BEDC6C24215FD000DED3D9 /* Sources */ = {
			isa = PBXSourcesBuildPhase;
			buildActionMask = 2147483647;
			files = (
				03BEDC7824215FD000DED3D9 /* ViewController.swift in Sources */,
				03BEDC7424215FD000DED3D9 /* AppDelegate.swift in Sources */,
				03BEDC7624215FD000DED3D9 /* SceneDelegate.swift in Sources */,
				03BEDC8D242160C800DED3D9 /* Recipe.swift in Sources */,
			);
			runOnlyForDeploymentPostprocessing = 0;
		};
/* End PBXSourcesBuildPhase section */

/* Begin PBXVariantGroup section */
		03BEDC7924215FD000DED3D9 /* Main.storyboard */ = {
			isa = PBXVariantGroup;
			children = (
				03BEDC7A24215FD000DED3D9 /* Base */,
			);
			name = Main.storyboard;
			sourceTree = "<group>";
		};
		03BEDC7E24215FD200DED3D9 /* LaunchScreen.storyboard */ = {
			isa = PBXVariantGroup;
			children = (
				03BEDC7F24215FD200DED3D9 /* Base */,
			);
			name = LaunchScreen.storyboard;
			sourceTree = "<group>";
		};
/* End PBXVariantGroup section */

/* Begin XCBuildConfiguration section */
		03BEDC8224215FD200DED3D9 /* Debug */ = {
			isa = XCBuildConfiguration;
			buildSettings = {
				ALWAYS_SEARCH_USER_PATHS = NO;
				CLANG_ANALYZER_NONNULL = YES;
				CLANG_ANALYZER_NUMBER_OBJECT_CONVERSION = YES_AGGRESSIVE;
				CLANG_CXX_LANGUAGE_STANDARD = "gnu++14";
				CLANG_CXX_LIBRARY = "libc++";
				CLANG_ENABLE_MODULES = YES;
				CLANG_ENABLE_OBJC_ARC = YES;
				CLANG_ENABLE_OBJC_WEAK = YES;
				CLANG_WARN_BLOCK_CAPTURE_AUTORELEASING = YES;
				CLANG_WARN_BOOL_CONVERSION = YES;
				CLANG_WARN_COMMA = YES;
				CLANG_WARN_CONSTANT_CONVERSION = YES;
				CLANG_WARN_DEPRECATED_OBJC_IMPLEMENTATIONS = YES;
				CLANG_WARN_DIRECT_OBJC_ISA_USAGE = YES_ERROR;
				CLANG_WARN_DOCUMENTATION_COMMENTS = YES;
				CLANG_WARN_EMPTY_BODY = YES;
				CLANG_WARN_ENUM_CONVERSION = YES;
				CLANG_WARN_INFINITE_RECURSION = YES;
				CLANG_WARN_INT_CONVERSION = YES;
				CLANG_WARN_NON_LITERAL_NULL_CONVERSION = YES;
				CLANG_WARN_OBJC_IMPLICIT_RETAIN_SELF = YES;
				CLANG_WARN_OBJC_LITERAL_CONVERSION = YES;
				CLANG_WARN_OBJC_ROOT_CLASS = YES_ERROR;
				CLANG_WARN_RANGE_LOOP_ANALYSIS = YES;
				CLANG_WARN_STRICT_PROTOTYPES = YES;
				CLANG_WARN_SUSPICIOUS_MOVE = YES;
				CLANG_WARN_UNGUARDED_AVAILABILITY = YES_AGGRESSIVE;
				CLANG_WARN_UNREACHABLE_CODE = YES;
				CLANG_WARN__DUPLICATE_METHOD_MATCH = YES;
				COPY_PHASE_STRIP = NO;
				DEBUG_INFORMATION_FORMAT = dwarf;
				ENABLE_STRICT_OBJC_MSGSEND = YES;
				ENABLE_TESTABILITY = YES;
				GCC_C_LANGUAGE_STANDARD = gnu11;
				GCC_DYNAMIC_NO_PIC = NO;
				GCC_NO_COMMON_BLOCKS = YES;
				GCC_OPTIMIZATION_LEVEL = 0;
				GCC_PREPROCESSOR_DEFINITIONS = (
					"DEBUG=1",
					"$(inherited)",
				);
				GCC_WARN_64_TO_32_BIT_CONVERSION = YES;
				GCC_WARN_ABOUT_RETURN_TYPE = YES_ERROR;
				GCC_WARN_UNDECLARED_SELECTOR = YES;
				GCC_WARN_UNINITIALIZED_AUTOS = YES_AGGRESSIVE;
				GCC_WARN_UNUSED_FUNCTION = YES;
				GCC_WARN_UNUSED_VARIABLE = YES;
				IPHONEOS_DEPLOYMENT_TARGET = 13.2;
				MTL_ENABLE_DEBUG_INFO = INCLUDE_SOURCE;
				MTL_FAST_MATH = YES;
				ONLY_ACTIVE_ARCH = YES;
				SDKROOT = iphoneos;
				SWIFT_ACTIVE_COMPILATION_CONDITIONS = DEBUG;
				SWIFT_OPTIMIZATION_LEVEL = "-Onone";
			};
			name = Debug;
		};
		03BEDC8324215FD200DED3D9 /* Release */ = {
			isa = XCBuildConfiguration;
			buildSettings = {
				ALWAYS_SEARCH_USER_PATHS = NO;
				CLANG_ANALYZER_NONNULL = YES;
				CLANG_ANALYZER_NUMBER_OBJECT_CONVERSION = YES_AGGRESSIVE;
				CLANG_CXX_LANGUAGE_STANDARD = "gnu++14";
				CLANG_CXX_LIBRARY = "libc++";
				CLANG_ENABLE_MODULES = YES;
				CLANG_ENABLE_OBJC_ARC = YES;
				CLANG_ENABLE_OBJC_WEAK = YES;
				CLANG_WARN_BLOCK_CAPTURE_AUTORELEASING = YES;
				CLANG_WARN_BOOL_CONVERSION = YES;
				CLANG_WARN_COMMA = YES;
				CLANG_WARN_CONSTANT_CONVERSION = YES;
				CLANG_WARN_DEPRECATED_OBJC_IMPLEMENTATIONS = YES;
				CLANG_WARN_DIRECT_OBJC_ISA_USAGE = YES_ERROR;
				CLANG_WARN_DOCUMENTATION_COMMENTS = YES;
				CLANG_WARN_EMPTY_BODY = YES;
				CLANG_WARN_ENUM_CONVERSION = YES;
				CLANG_WARN_INFINITE_RECURSION = YES;
				CLANG_WARN_INT_CONVERSION = YES;
				CLANG_WARN_NON_LITERAL_NULL_CONVERSION = YES;
				CLANG_WARN_OBJC_IMPLICIT_RETAIN_SELF = YES;
				CLANG_WARN_OBJC_LITERAL_CONVERSION = YES;
				CLANG_WARN_OBJC_ROOT_CLASS = YES_ERROR;
				CLANG_WARN_RANGE_LOOP_ANALYSIS = YES;
				CLANG_WARN_STRICT_PROTOTYPES = YES;
				CLANG_WARN_SUSPICIOUS_MOVE = YES;
				CLANG_WARN_UNGUARDED_AVAILABILITY = YES_AGGRESSIVE;
				CLANG_WARN_UNREACHABLE_CODE = YES;
				CLANG_WARN__DUPLICATE_METHOD_MATCH = YES;
				COPY_PHASE_STRIP = NO;
				DEBUG_INFORMATION_FORMAT = "dwarf-with-dsym";
				ENABLE_NS_ASSERTIONS = NO;
				ENABLE_STRICT_OBJC_MSGSEND = YES;
				GCC_C_LANGUAGE_STANDARD = gnu11;
				GCC_NO_COMMON_BLOCKS = YES;
				GCC_WARN_64_TO_32_BIT_CONVERSION = YES;
				GCC_WARN_ABOUT_RETURN_TYPE = YES_ERROR;
				GCC_WARN_UNDECLARED_SELECTOR = YES;
				GCC_WARN_UNINITIALIZED_AUTOS = YES_AGGRESSIVE;
				GCC_WARN_UNUSED_FUNCTION = YES;
				GCC_WARN_UNUSED_VARIABLE = YES;
				IPHONEOS_DEPLOYMENT_TARGET = 13.2;
				MTL_ENABLE_DEBUG_INFO = NO;
				MTL_FAST_MATH = YES;
				SDKROOT = iphoneos;
				SWIFT_COMPILATION_MODE = wholemodule;
				SWIFT_OPTIMIZATION_LEVEL = "-O";
				VALIDATE_PRODUCT = YES;
			};
			name = Release;
		};
		03BEDC8524215FD200DED3D9 /* Debug */ = {
			isa = XCBuildConfiguration;
			buildSettings = {
				ASSETCATALOG_COMPILER_APPICON_NAME = AppIcon;
				CODE_SIGN_STYLE = Automatic;
				CURRENT_PROJECT_VERSION = 1.0.1;
				DEVELOPMENT_TEAM = 3QN7DG53LR;
				INFOPLIST_FILE = Delish/Info.plist;
				IPHONEOS_DEPLOYMENT_TARGET = 11.2;
				LD_RUNPATH_SEARCH_PATHS = (
					"$(inherited)",
					"@executable_path/Frameworks",
				);
				PRODUCT_BUNDLE_IDENTIFIER = com.example.Delish;
				PRODUCT_NAME = "$(TARGET_NAME)";
				SWIFT_VERSION = 5.0;
				TARGETED_DEVICE_FAMILY = "1,2";
			};
			name = Debug;
		};
		03BEDC8624215FD200DED3D9 /* Release */ = {
			isa = XCBuildConfiguration;
			buildSettings = {
				ASSETCATALOG_COMPILER_APPICON_NAME = AppIcon;
				CODE_SIGN_STYLE = Automatic;
				CURRENT_PROJECT_VERSION = 1.0.1;
				DEVELOPMENT_TEAM = 3QN7DG53LR;
				INFOPLIST_FILE = Delish/Info.plist;
				IPHONEOS_DEPLOYMENT_TARGET = 11.2;
				LD_RUNPATH_SEARCH_PATHS = (
					"$(inherited)",
					"@executable_path/Frameworks",
				);
				PRODUCT_BUNDLE_IDENTIFIER = com.example.Delish;
				PRODUCT_NAME = "$(TARGET_NAME)";
				SWIFT_VERSION = 5.0;
				TARGETED_DEVICE_FAMILY = "1,2";
			};
			name = Release;
		};
/* End XCBuildConfiguration section */

/* Begin XCConfigurationList section */
		03BEDC6B24215FD000DED3D9 /* Build configuration list for PBXProject "Delish" */ = {
			isa = XCConfigurationList;
			buildConfigurations = (
				03BEDC8224215FD200DED3D9 /* Debug */,
				03BEDC8324215FD200DED3D9 /* Release */,
			);
			defaultConfigurationIsVisible = 0;
			defaultConfigurationName = Release;
		};
		03BEDC8424215FD200DED3D9 /* Build configuration list for PBXNativeTarget "Delish" */ = {
			isa = XCConfigurationList;
			buildConfigurations = (
				03BEDC8524215FD200DED3D9 /* Debug */,
				03BEDC8624215FD200DED3D9 /* Release */,
			);
			defaultConfigurationIsVisible = 0;
			defaultConfigurationName = Release;
		};
/* End XCConfigurationList section */
	};
	rootObject = 03BEDC6824215FD000DED3D9 /* Project object */;
}
